// !$*UTF8*$!
{
	archiveVersion = 1;
	classes = {
	};
	objectVersion = 46;
	objects = {

/* Begin PBXBuildFile section */
		1347B50117A8CE26007F4098 /* converters.txt in Resources */ = {isa = PBXBuildFile; fileRef = 1347B50017A8CE26007F4098 /* converters.txt */; };
		2255669C17994A040015F7B9 /* haarcascade_eye.xml in Resources */ = {isa = PBXBuildFile; fileRef = 2255669A17994A040015F7B9 /* haarcascade_eye.xml */; };
		2255669D17994A040015F7B9 /* haarcascade_frontalface_alt.xml in Resources */ = {isa = PBXBuildFile; fileRef = 2255669B17994A040015F7B9 /* haarcascade_frontalface_alt.xml */; };
		225566A017994FE20015F7B9 /* FaceDetection.mm in Sources */ = {isa = PBXBuildFile; fileRef = 2255669F17994FE20015F7B9 /* FaceDetection.mm */; };
		225566A617996B950015F7B9 /* converters.xml in Resources */ = {isa = PBXBuildFile; fileRef = 225566A517996B950015F7B9 /* converters.xml */; };
		22933DB21798DA44001EB809 /* Converter.mm in Sources */ = {isa = PBXBuildFile; fileRef = 22933DB11798DA44001EB809 /* Converter.mm */; };
		22933DBB1798DC66001EB809 /* NegaPosi.mm in Sources */ = {isa = PBXBuildFile; fileRef = 22933DBA1798DC66001EB809 /* NegaPosi.mm */; };
		2B1C95FA179E0ABE006700FD /* HumanDetection.mm in Sources */ = {isa = PBXBuildFile; fileRef = 2B1C95F9179E0ABE006700FD /* HumanDetection.mm */; };
		2B1C95FC179E282D006700FD /* AudioToolbox.framework in Frameworks */ = {isa = PBXBuildFile; fileRef = 2B1C95FB179E282C006700FD /* AudioToolbox.framework */; };
		2B1C95FF179E4CFC006700FD /* Localizable.strings in Resources */ = {isa = PBXBuildFile; fileRef = 2B1C9601179E4CFC006700FD /* Localizable.strings */; };
		2B26091917865C0000BE100A /* UIKit.framework in Frameworks */ = {isa = PBXBuildFile; fileRef = 2B26091817865C0000BE100A /* UIKit.framework */; };
		2B26091B17865C0000BE100A /* Foundation.framework in Frameworks */ = {isa = PBXBuildFile; fileRef = 2B26091A17865C0000BE100A /* Foundation.framework */; };
		2B26091D17865C0000BE100A /* CoreGraphics.framework in Frameworks */ = {isa = PBXBuildFile; fileRef = 2B26091C17865C0000BE100A /* CoreGraphics.framework */; };
		2B26092317865C0000BE100A /* InfoPlist.strings in Resources */ = {isa = PBXBuildFile; fileRef = 2B26092117865C0000BE100A /* InfoPlist.strings */; };
		2B26092517865C0000BE100A /* main.m in Sources */ = {isa = PBXBuildFile; fileRef = 2B26092417865C0000BE100A /* main.m */; };
		2B26092917865C0000BE100A /* AppDelegate.mm in Sources */ = {isa = PBXBuildFile; fileRef = 2B26092817865C0000BE100A /* AppDelegate.mm */; };
		2B26093217865C0000BE100A /* MainStoryboard.storyboard in Resources */ = {isa = PBXBuildFile; fileRef = 2B26093017865C0000BE100A /* MainStoryboard.storyboard */; };
		2B26093517865C0000BE100A /* MasterViewController.mm in Sources */ = {isa = PBXBuildFile; fileRef = 2B26093417865C0000BE100A /* MasterViewController.mm */; };
		2B26093817865C0000BE100A /* DetailViewController.mm in Sources */ = {isa = PBXBuildFile; fileRef = 2B26093717865C0000BE100A /* DetailViewController.mm */; };
		2B26093F17865ED800BE100A /* AVFoundation.framework in Frameworks */ = {isa = PBXBuildFile; fileRef = 2B26093E17865ED800BE100A /* AVFoundation.framework */; };
		2B26094117865F0100BE100A /* CoreMedia.framework in Frameworks */ = {isa = PBXBuildFile; fileRef = 2B26094017865F0100BE100A /* CoreMedia.framework */; };
		2B26094317865F3B00BE100A /* CoreVideo.framework in Frameworks */ = {isa = PBXBuildFile; fileRef = 2B26094217865F3B00BE100A /* CoreVideo.framework */; };
		2B26094A1786602800BE100A /* Utils.mm in Sources */ = {isa = PBXBuildFile; fileRef = 2B2609491786602800BE100A /* Utils.mm */; };
		2B37D73A17A2010000A0567E /* QuartzCore.framework in Frameworks */ = {isa = PBXBuildFile; fileRef = 2B37D73917A2010000A0567E /* QuartzCore.framework */; };
		2B37D73D17A21B0200A0567E /* AVFUtils.m in Sources */ = {isa = PBXBuildFile; fileRef = 2B37D73C17A21B0200A0567E /* AVFUtils.m */; };
		2B37D74017A267F000A0567E /* OrientationRight.mm in Sources */ = {isa = PBXBuildFile; fileRef = 2B37D73F17A267F000A0567E /* OrientationRight.mm */; };
		2B45A57F178BE6D500662FDA /* opencv2.framework in Frameworks */ = {isa = PBXBuildFile; fileRef = 2B45A57E178BE6D500662FDA /* opencv2.framework */; };
		2B4A21FB17A0F5CC001567EF /* CircleDetection.mm in Sources */ = {isa = PBXBuildFile; fileRef = 2B4A21FA17A0F5CC001567EF /* CircleDetection.mm */; };
		2B54A4AB17A623AD009522F4 /* Picturization.mm in Sources */ = {isa = PBXBuildFile; fileRef = 2B54A4AA17A623AC009522F4 /* Picturization.mm */; };
		2B76D7B117A899E400810831 /* CustomUIImagePickerController.m in Sources */ = {isa = PBXBuildFile; fileRef = 2B76D7B017A899E300810831 /* CustomUIImagePickerController.m */; };
		2B76D7B417A89E2000810831 /* CustomUIActionSheet.m in Sources */ = {isa = PBXBuildFile; fileRef = 2B76D7B317A89E2000810831 /* CustomUIActionSheet.m */; };
		2BAE8298179CCC9900E466FE /* Binary.mm in Sources */ = {isa = PBXBuildFile; fileRef = 2BAE8297179CCC9900E466FE /* Binary.mm */; };
		2BAE829B179CFB3100E466FE /* GrayScale.mm in Sources */ = {isa = PBXBuildFile; fileRef = 2BAE829A179CFB3100E466FE /* GrayScale.mm */; };
		2BAE829E179D0A6D00E466FE /* Trunk.mm in Sources */ = {isa = PBXBuildFile; fileRef = 2BAE829D179D0A6D00E466FE /* Trunk.mm */; };
		2BAE82A1179D0B7100E466FE /* ToZero.mm in Sources */ = {isa = PBXBuildFile; fileRef = 2BAE82A0179D0B7100E466FE /* ToZero.mm */; };
		2BAE82A4179D0BB200E466FE /* Adaptive.mm in Sources */ = {isa = PBXBuildFile; fileRef = 2BAE82A3179D0BB100E466FE /* Adaptive.mm */; };
		2BAE82A7179D0BD600E466FE /* Sobel.mm in Sources */ = {isa = PBXBuildFile; fileRef = 2BAE82A6179D0BD600E466FE /* Sobel.mm */; };
		2BAE82AA179D0BF200E466FE /* Laplacian.mm in Sources */ = {isa = PBXBuildFile; fileRef = 2BAE82A9179D0BF200E466FE /* Laplacian.mm */; };
		2BAE82AD179D0C0C00E466FE /* Canny.mm in Sources */ = {isa = PBXBuildFile; fileRef = 2BAE82AC179D0C0900E466FE /* Canny.mm */; };
		2BAE82B0179D12BF00E466FE /* GaussianBlur.mm in Sources */ = {isa = PBXBuildFile; fileRef = 2BAE82AF179D12BE00E466FE /* GaussianBlur.mm */; };
		2BAE82B3179D12F600E466FE /* MedianBlur.mm in Sources */ = {isa = PBXBuildFile; fileRef = 2BAE82B2179D12F500E466FE /* MedianBlur.mm */; };
		2BAE82B6179D132D00E466FE /* BilateralFilter.mm in Sources */ = {isa = PBXBuildFile; fileRef = 2BAE82B5179D132C00E466FE /* BilateralFilter.mm */; };
		2BAE82B9179D135200E466FE /* BoxFilter.mm in Sources */ = {isa = PBXBuildFile; fileRef = 2BAE82B8179D135000E466FE /* BoxFilter.mm */; };
		2BAE82BC179D137A00E466FE /* Blur.mm in Sources */ = {isa = PBXBuildFile; fileRef = 2BAE82BB179D137900E466FE /* Blur.mm */; };
		2BAE82BF179D13A600E466FE /* K_means.mm in Sources */ = {isa = PBXBuildFile; fileRef = 2BAE82BE179D13A400E466FE /* K_means.mm */; };
		2BAE82C2179D146300E466FE /* EllipticalFitting.mm in Sources */ = {isa = PBXBuildFile; fileRef = 2BAE82C1179D146100E466FE /* EllipticalFitting.mm */; };
		2BAE82C5179D14A200E466FE /* Houghlines.mm in Sources */ = {isa = PBXBuildFile; fileRef = 2BAE82C4179D14A000E466FE /* Houghlines.mm */; };
		2BAE82C8179D14BA00E466FE /* HoughlinesP.mm in Sources */ = {isa = PBXBuildFile; fileRef = 2BAE82C7179D14B900E466FE /* HoughlinesP.mm */; };
		2BAE82CB179D234200E466FE /* ORB.mm in Sources */ = {isa = PBXBuildFile; fileRef = 2BAE82CA179D233F00E466FE /* ORB.mm */; };
		2BED74A8179FB22200FAE147 /* icon114.png in Resources */ = {isa = PBXBuildFile; fileRef = 2BED74A7179FB22200FAE147 /* icon114.png */; };
		2BED74AA179FB31100FAE147 /* Default.png in Resources */ = {isa = PBXBuildFile; fileRef = 2BED74A9179FB31100FAE147 /* Default.png */; };
		2BED74AC179FB31F00FAE147 /* Default@2x.png in Resources */ = {isa = PBXBuildFile; fileRef = 2BED74AB179FB31F00FAE147 /* Default@2x.png */; };
		2BED74AE179FB32A00FAE147 /* Default-568h@2x.png in Resources */ = {isa = PBXBuildFile; fileRef = 2BED74AD179FB32A00FAE147 /* Default-568h@2x.png */; };
		2BED74B0179FB92D00FAE147 /* icon57.png in Resources */ = {isa = PBXBuildFile; fileRef = 2BED74AF179FB92D00FAE147 /* icon57.png */; };
/* End PBXBuildFile section */

/* Begin PBXFileReference section */
		1347B50017A8CE26007F4098 /* converters.txt */ = {isa = PBXFileReference; fileEncoding = 4; lastKnownFileType = text; path = converters.txt; sourceTree = "<group>"; };
		13A14F5717A7C1D1000736BD /* en */ = {isa = PBXFileReference; lastKnownFileType = text.plist.strings; name = en; path = en.lproj/MainStoryboard.strings; sourceTree = "<group>"; };
		13A14F5817A7C1E1000736BD /* ja */ = {isa = PBXFileReference; lastKnownFileType = text.plist.strings; name = ja; path = ja.lproj/MainStoryboard.strings; sourceTree = "<group>"; };
		2255669A17994A040015F7B9 /* haarcascade_eye.xml */ = {isa = PBXFileReference; fileEncoding = 4; lastKnownFileType = text.xml; name = haarcascade_eye.xml; path = OpenCVDemos/Resources.xml/Cascades/haarcascade_eye.xml; sourceTree = SOURCE_ROOT; };
		2255669B17994A040015F7B9 /* haarcascade_frontalface_alt.xml */ = {isa = PBXFileReference; fileEncoding = 4; lastKnownFileType = text.xml; name = haarcascade_frontalface_alt.xml; path = OpenCVDemos/Resources.xml/Cascades/haarcascade_frontalface_alt.xml; sourceTree = SOURCE_ROOT; };
		2255669E17994FE20015F7B9 /* FaceDetection.h */ = {isa = PBXFileReference; fileEncoding = 4; lastKnownFileType = sourcecode.c.h; path = FaceDetection.h; sourceTree = "<group>"; };
		2255669F17994FE20015F7B9 /* FaceDetection.mm */ = {isa = PBXFileReference; fileEncoding = 4; lastKnownFileType = sourcecode.cpp.objcpp; path = FaceDetection.mm; sourceTree = "<group>"; };
		225566A517996B950015F7B9 /* converters.xml */ = {isa = PBXFileReference; fileEncoding = 4; lastKnownFileType = text.xml; path = converters.xml; sourceTree = "<group>"; };
		22933DB01798DA44001EB809 /* Converter.h */ = {isa = PBXFileReference; fileEncoding = 4; lastKnownFileType = sourcecode.c.h; path = Converter.h; sourceTree = "<group>"; };
		22933DB11798DA44001EB809 /* Converter.mm */ = {isa = PBXFileReference; fileEncoding = 4; lastKnownFileType = sourcecode.cpp.objcpp; path = Converter.mm; sourceTree = "<group>"; };
		22933DB91798DC66001EB809 /* NegaPosi.h */ = {isa = PBXFileReference; fileEncoding = 4; lastKnownFileType = sourcecode.c.h; path = NegaPosi.h; sourceTree = "<group>"; };
		22933DBA1798DC66001EB809 /* NegaPosi.mm */ = {isa = PBXFileReference; fileEncoding = 4; lastKnownFileType = sourcecode.cpp.objcpp; path = NegaPosi.mm; sourceTree = "<group>"; };
		2B1C95F8179E0ABD006700FD /* HumanDetection.h */ = {isa = PBXFileReference; fileEncoding = 4; lastKnownFileType = sourcecode.c.h; path = HumanDetection.h; sourceTree = "<group>"; };
		2B1C95F9179E0ABE006700FD /* HumanDetection.mm */ = {isa = PBXFileReference; fileEncoding = 4; lastKnownFileType = sourcecode.cpp.objcpp; path = HumanDetection.mm; sourceTree = "<group>"; };
		2B1C95FB179E282C006700FD /* AudioToolbox.framework */ = {isa = PBXFileReference; lastKnownFileType = wrapper.framework; name = AudioToolbox.framework; path = System/Library/Frameworks/AudioToolbox.framework; sourceTree = SDKROOT; };
		2B1C9600179E4CFC006700FD /* en */ = {isa = PBXFileReference; lastKnownFileType = text.plist.strings; name = en; path = en.lproj/Localizable.strings; sourceTree = "<group>"; };
		2B1C9603179E4F09006700FD /* ja */ = {isa = PBXFileReference; lastKnownFileType = text.plist.strings; name = ja; path = ja.lproj/InfoPlist.strings; sourceTree = "<group>"; };
		2B1C9604179E4F09006700FD /* ja */ = {isa = PBXFileReference; lastKnownFileType = text.plist.strings; name = ja; path = ja.lproj/Localizable.strings; sourceTree = "<group>"; };
		2B26091517865C0000BE100A /* OpenCVDemos.app */ = {isa = PBXFileReference; explicitFileType = wrapper.application; includeInIndex = 0; path = OpenCVDemos.app; sourceTree = BUILT_PRODUCTS_DIR; };
		2B26091817865C0000BE100A /* UIKit.framework */ = {isa = PBXFileReference; lastKnownFileType = wrapper.framework; name = UIKit.framework; path = System/Library/Frameworks/UIKit.framework; sourceTree = SDKROOT; };
		2B26091A17865C0000BE100A /* Foundation.framework */ = {isa = PBXFileReference; lastKnownFileType = wrapper.framework; name = Foundation.framework; path = System/Library/Frameworks/Foundation.framework; sourceTree = SDKROOT; };
		2B26091C17865C0000BE100A /* CoreGraphics.framework */ = {isa = PBXFileReference; lastKnownFileType = wrapper.framework; name = CoreGraphics.framework; path = System/Library/Frameworks/CoreGraphics.framework; sourceTree = SDKROOT; };
		2B26092017865C0000BE100A /* OpenCVDemos-Info.plist */ = {isa = PBXFileReference; lastKnownFileType = text.plist.xml; path = "OpenCVDemos-Info.plist"; sourceTree = "<group>"; };
		2B26092217865C0000BE100A /* en */ = {isa = PBXFileReference; lastKnownFileType = text.plist.strings; name = en; path = en.lproj/InfoPlist.strings; sourceTree = "<group>"; };
		2B26092417865C0000BE100A /* main.m */ = {isa = PBXFileReference; lastKnownFileType = sourcecode.c.objc; path = main.m; sourceTree = "<group>"; };
		2B26092617865C0000BE100A /* OpenCVDemos-Prefix.pch */ = {isa = PBXFileReference; lastKnownFileType = sourcecode.c.h; path = "OpenCVDemos-Prefix.pch"; sourceTree = "<group>"; };
		2B26092717865C0000BE100A /* AppDelegate.h */ = {isa = PBXFileReference; lastKnownFileType = sourcecode.c.h; path = AppDelegate.h; sourceTree = "<group>"; };
		2B26092817865C0000BE100A /* AppDelegate.mm */ = {isa = PBXFileReference; lastKnownFileType = sourcecode.cpp.objcpp; path = AppDelegate.mm; sourceTree = "<group>"; };
		2B26093317865C0000BE100A /* MasterViewController.h */ = {isa = PBXFileReference; lastKnownFileType = sourcecode.c.h; path = MasterViewController.h; sourceTree = "<group>"; };
		2B26093417865C0000BE100A /* MasterViewController.mm */ = {isa = PBXFileReference; lastKnownFileType = sourcecode.cpp.objcpp; path = MasterViewController.mm; sourceTree = "<group>"; };
		2B26093617865C0000BE100A /* DetailViewController.h */ = {isa = PBXFileReference; lastKnownFileType = sourcecode.c.h; path = DetailViewController.h; sourceTree = "<group>"; };
		2B26093717865C0000BE100A /* DetailViewController.mm */ = {isa = PBXFileReference; lastKnownFileType = sourcecode.cpp.objcpp; path = DetailViewController.mm; sourceTree = "<group>"; };
		2B26093E17865ED800BE100A /* AVFoundation.framework */ = {isa = PBXFileReference; lastKnownFileType = wrapper.framework; name = AVFoundation.framework; path = System/Library/Frameworks/AVFoundation.framework; sourceTree = SDKROOT; };
		2B26094017865F0100BE100A /* CoreMedia.framework */ = {isa = PBXFileReference; lastKnownFileType = wrapper.framework; name = CoreMedia.framework; path = System/Library/Frameworks/CoreMedia.framework; sourceTree = SDKROOT; };
		2B26094217865F3B00BE100A /* CoreVideo.framework */ = {isa = PBXFileReference; lastKnownFileType = wrapper.framework; name = CoreVideo.framework; path = System/Library/Frameworks/CoreVideo.framework; sourceTree = SDKROOT; };
		2B2609481786602800BE100A /* Utils.h */ = {isa = PBXFileReference; fileEncoding = 4; lastKnownFileType = sourcecode.c.h; path = Utils.h; sourceTree = "<group>"; };
		2B2609491786602800BE100A /* Utils.mm */ = {isa = PBXFileReference; fileEncoding = 4; lastKnownFileType = sourcecode.cpp.objcpp; path = Utils.mm; sourceTree = "<group>"; };
		2B37D73917A2010000A0567E /* QuartzCore.framework */ = {isa = PBXFileReference; lastKnownFileType = wrapper.framework; name = QuartzCore.framework; path = System/Library/Frameworks/QuartzCore.framework; sourceTree = SDKROOT; };
		2B37D73B17A21B0200A0567E /* AVFUtils.h */ = {isa = PBXFileReference; fileEncoding = 4; lastKnownFileType = sourcecode.c.h; path = AVFUtils.h; sourceTree = "<group>"; };
		2B37D73C17A21B0200A0567E /* AVFUtils.m */ = {isa = PBXFileReference; fileEncoding = 4; lastKnownFileType = sourcecode.c.objc; path = AVFUtils.m; sourceTree = "<group>"; };
		2B37D73E17A267F000A0567E /* OrientationRight.h */ = {isa = PBXFileReference; fileEncoding = 4; lastKnownFileType = sourcecode.c.h; path = OrientationRight.h; sourceTree = "<group>"; };
		2B37D73F17A267F000A0567E /* OrientationRight.mm */ = {isa = PBXFileReference; fileEncoding = 4; lastKnownFileType = sourcecode.cpp.objcpp; path = OrientationRight.mm; sourceTree = "<group>"; };
		2B37D74117A281A100A0567E /* Base */ = {isa = PBXFileReference; lastKnownFileType = file.storyboard; name = Base; path = Base.lproj/MainStoryboard.storyboard; sourceTree = "<group>"; };
		2B45A57E178BE6D500662FDA /* opencv2.framework */ = {isa = PBXFileReference; lastKnownFileType = wrapper.framework; path = opencv2.framework; sourceTree = "<group>"; };
		2B4A21F917A0F5CC001567EF /* CircleDetection.h */ = {isa = PBXFileReference; fileEncoding = 4; lastKnownFileType = sourcecode.c.h; path = CircleDetection.h; sourceTree = "<group>"; };
		2B4A21FA17A0F5CC001567EF /* CircleDetection.mm */ = {isa = PBXFileReference; fileEncoding = 4; lastKnownFileType = sourcecode.cpp.objcpp; path = CircleDetection.mm; sourceTree = "<group>"; };
		2B54A4A917A623AB009522F4 /* Picturization.h */ = {isa = PBXFileReference; fileEncoding = 4; lastKnownFileType = sourcecode.c.h; path = Picturization.h; sourceTree = "<group>"; };
		2B54A4AA17A623AC009522F4 /* Picturization.mm */ = {isa = PBXFileReference; fileEncoding = 4; lastKnownFileType = sourcecode.cpp.objcpp; path = Picturization.mm; sourceTree = "<group>"; };
		2B76D7AF17A899E300810831 /* CustomUIImagePickerController.h */ = {isa = PBXFileReference; fileEncoding = 4; lastKnownFileType = sourcecode.c.h; path = CustomUIImagePickerController.h; sourceTree = "<group>"; };
		2B76D7B017A899E300810831 /* CustomUIImagePickerController.m */ = {isa = PBXFileReference; fileEncoding = 4; lastKnownFileType = sourcecode.c.objc; path = CustomUIImagePickerController.m; sourceTree = "<group>"; };
		2B76D7B217A89E2000810831 /* CustomUIActionSheet.h */ = {isa = PBXFileReference; fileEncoding = 4; lastKnownFileType = sourcecode.c.h; path = CustomUIActionSheet.h; sourceTree = "<group>"; };
		2B76D7B317A89E2000810831 /* CustomUIActionSheet.m */ = {isa = PBXFileReference; fileEncoding = 4; lastKnownFileType = sourcecode.c.objc; path = CustomUIActionSheet.m; sourceTree = "<group>"; };
		2BAE8296179CCC9800E466FE /* Binary.h */ = {isa = PBXFileReference; fileEncoding = 4; lastKnownFileType = sourcecode.c.h; path = Binary.h; sourceTree = "<group>"; };
		2BAE8297179CCC9900E466FE /* Binary.mm */ = {isa = PBXFileReference; fileEncoding = 4; lastKnownFileType = sourcecode.cpp.objcpp; path = Binary.mm; sourceTree = "<group>"; };
		2BAE8299179CFB3100E466FE /* GrayScale.h */ = {isa = PBXFileReference; fileEncoding = 4; lastKnownFileType = sourcecode.c.h; path = GrayScale.h; sourceTree = "<group>"; };
		2BAE829A179CFB3100E466FE /* GrayScale.mm */ = {isa = PBXFileReference; fileEncoding = 4; lastKnownFileType = sourcecode.cpp.objcpp; path = GrayScale.mm; sourceTree = "<group>"; };
		2BAE829C179D0A6D00E466FE /* Trunk.h */ = {isa = PBXFileReference; fileEncoding = 4; lastKnownFileType = sourcecode.c.h; path = Trunk.h; sourceTree = "<group>"; };
		2BAE829D179D0A6D00E466FE /* Trunk.mm */ = {isa = PBXFileReference; fileEncoding = 4; lastKnownFileType = sourcecode.cpp.objcpp; path = Trunk.mm; sourceTree = "<group>"; };
		2BAE829F179D0B7000E466FE /* ToZero.h */ = {isa = PBXFileReference; fileEncoding = 4; lastKnownFileType = sourcecode.c.h; path = ToZero.h; sourceTree = "<group>"; };
		2BAE82A0179D0B7100E466FE /* ToZero.mm */ = {isa = PBXFileReference; fileEncoding = 4; lastKnownFileType = sourcecode.cpp.objcpp; path = ToZero.mm; sourceTree = "<group>"; };
		2BAE82A2179D0BB100E466FE /* Adaptive.h */ = {isa = PBXFileReference; fileEncoding = 4; lastKnownFileType = sourcecode.c.h; path = Adaptive.h; sourceTree = "<group>"; };
		2BAE82A3179D0BB100E466FE /* Adaptive.mm */ = {isa = PBXFileReference; fileEncoding = 4; lastKnownFileType = sourcecode.cpp.objcpp; path = Adaptive.mm; sourceTree = "<group>"; };
		2BAE82A5179D0BD600E466FE /* Sobel.h */ = {isa = PBXFileReference; fileEncoding = 4; lastKnownFileType = sourcecode.c.h; path = Sobel.h; sourceTree = "<group>"; };
		2BAE82A6179D0BD600E466FE /* Sobel.mm */ = {isa = PBXFileReference; fileEncoding = 4; lastKnownFileType = sourcecode.cpp.objcpp; path = Sobel.mm; sourceTree = "<group>"; };
		2BAE82A8179D0BF200E466FE /* Laplacian.h */ = {isa = PBXFileReference; fileEncoding = 4; lastKnownFileType = sourcecode.c.h; path = Laplacian.h; sourceTree = "<group>"; };
		2BAE82A9179D0BF200E466FE /* Laplacian.mm */ = {isa = PBXFileReference; fileEncoding = 4; lastKnownFileType = sourcecode.cpp.objcpp; path = Laplacian.mm; sourceTree = "<group>"; };
		2BAE82AB179D0C0700E466FE /* Canny.h */ = {isa = PBXFileReference; fileEncoding = 4; lastKnownFileType = sourcecode.c.h; path = Canny.h; sourceTree = "<group>"; };
		2BAE82AC179D0C0900E466FE /* Canny.mm */ = {isa = PBXFileReference; fileEncoding = 4; lastKnownFileType = sourcecode.cpp.objcpp; path = Canny.mm; sourceTree = "<group>"; };
		2BAE82AE179D12BD00E466FE /* GaussianBlur.h */ = {isa = PBXFileReference; fileEncoding = 4; lastKnownFileType = sourcecode.c.h; path = GaussianBlur.h; sourceTree = "<group>"; };
		2BAE82AF179D12BE00E466FE /* GaussianBlur.mm */ = {isa = PBXFileReference; fileEncoding = 4; lastKnownFileType = sourcecode.cpp.objcpp; path = GaussianBlur.mm; sourceTree = "<group>"; };
		2BAE82B1179D12F400E466FE /* MedianBlur.h */ = {isa = PBXFileReference; fileEncoding = 4; lastKnownFileType = sourcecode.c.h; path = MedianBlur.h; sourceTree = "<group>"; };
		2BAE82B2179D12F500E466FE /* MedianBlur.mm */ = {isa = PBXFileReference; fileEncoding = 4; lastKnownFileType = sourcecode.cpp.objcpp; path = MedianBlur.mm; sourceTree = "<group>"; };
		2BAE82B4179D132B00E466FE /* BilateralFilter.h */ = {isa = PBXFileReference; fileEncoding = 4; lastKnownFileType = sourcecode.c.h; path = BilateralFilter.h; sourceTree = "<group>"; };
		2BAE82B5179D132C00E466FE /* BilateralFilter.mm */ = {isa = PBXFileReference; fileEncoding = 4; lastKnownFileType = sourcecode.cpp.objcpp; path = BilateralFilter.mm; sourceTree = "<group>"; };
		2BAE82B7179D134F00E466FE /* BoxFilter.h */ = {isa = PBXFileReference; fileEncoding = 4; lastKnownFileType = sourcecode.c.h; path = BoxFilter.h; sourceTree = "<group>"; };
		2BAE82B8179D135000E466FE /* BoxFilter.mm */ = {isa = PBXFileReference; fileEncoding = 4; lastKnownFileType = sourcecode.cpp.objcpp; path = BoxFilter.mm; sourceTree = "<group>"; };
		2BAE82BA179D137800E466FE /* Blur.h */ = {isa = PBXFileReference; fileEncoding = 4; lastKnownFileType = sourcecode.c.h; path = Blur.h; sourceTree = "<group>"; };
		2BAE82BB179D137900E466FE /* Blur.mm */ = {isa = PBXFileReference; fileEncoding = 4; lastKnownFileType = sourcecode.cpp.objcpp; path = Blur.mm; sourceTree = "<group>"; };
		2BAE82BD179D13A300E466FE /* K_means.h */ = {isa = PBXFileReference; fileEncoding = 4; lastKnownFileType = sourcecode.c.h; path = K_means.h; sourceTree = "<group>"; };
		2BAE82BE179D13A400E466FE /* K_means.mm */ = {isa = PBXFileReference; fileEncoding = 4; lastKnownFileType = sourcecode.cpp.objcpp; path = K_means.mm; sourceTree = "<group>"; };
		2BAE82C0179D146000E466FE /* EllipticalFitting.h */ = {isa = PBXFileReference; fileEncoding = 4; lastKnownFileType = sourcecode.c.h; path = EllipticalFitting.h; sourceTree = "<group>"; };
		2BAE82C1179D146100E466FE /* EllipticalFitting.mm */ = {isa = PBXFileReference; fileEncoding = 4; lastKnownFileType = sourcecode.cpp.objcpp; path = EllipticalFitting.mm; sourceTree = "<group>"; };
		2BAE82C3179D149F00E466FE /* Houghlines.h */ = {isa = PBXFileReference; fileEncoding = 4; lastKnownFileType = sourcecode.c.h; path = Houghlines.h; sourceTree = "<group>"; };
		2BAE82C4179D14A000E466FE /* Houghlines.mm */ = {isa = PBXFileReference; fileEncoding = 4; lastKnownFileType = sourcecode.cpp.objcpp; path = Houghlines.mm; sourceTree = "<group>"; };
		2BAE82C6179D14B700E466FE /* HoughlinesP.h */ = {isa = PBXFileReference; fileEncoding = 4; lastKnownFileType = sourcecode.c.h; path = HoughlinesP.h; sourceTree = "<group>"; };
		2BAE82C7179D14B900E466FE /* HoughlinesP.mm */ = {isa = PBXFileReference; fileEncoding = 4; lastKnownFileType = sourcecode.cpp.objcpp; path = HoughlinesP.mm; sourceTree = "<group>"; };
		2BAE82C9179D233C00E466FE /* ORB.h */ = {isa = PBXFileReference; fileEncoding = 4; lastKnownFileType = sourcecode.c.h; path = ORB.h; sourceTree = "<group>"; };
		2BAE82CA179D233F00E466FE /* ORB.mm */ = {isa = PBXFileReference; fileEncoding = 4; lastKnownFileType = sourcecode.cpp.objcpp; path = ORB.mm; sourceTree = "<group>"; };
		2BED74A7179FB22200FAE147 /* icon114.png */ = {isa = PBXFileReference; lastKnownFileType = image.png; name = icon114.png; path = Resources.xml/icon114.png; sourceTree = "<group>"; };
		2BED74A9179FB31100FAE147 /* Default.png */ = {isa = PBXFileReference; lastKnownFileType = image.png; name = Default.png; path = Resources.xml/Default.png; sourceTree = "<group>"; };
		2BED74AB179FB31F00FAE147 /* Default@2x.png */ = {isa = PBXFileReference; lastKnownFileType = image.png; name = "Default@2x.png"; path = "Resources.xml/Default@2x.png"; sourceTree = "<group>"; };
		2BED74AD179FB32A00FAE147 /* Default-568h@2x.png */ = {isa = PBXFileReference; lastKnownFileType = image.png; name = "Default-568h@2x.png"; path = "Resources.xml/Default-568h@2x.png"; sourceTree = "<group>"; };
		2BED74AF179FB92D00FAE147 /* icon57.png */ = {isa = PBXFileReference; lastKnownFileType = image.png; name = icon57.png; path = Resources.xml/icon57.png; sourceTree = "<group>"; };
/* End PBXFileReference section */

/* Begin PBXFrameworksBuildPhase section */
		2B26091217865C0000BE100A /* Frameworks */ = {
			isa = PBXFrameworksBuildPhase;
			buildActionMask = 2147483647;
			files = (
				2B37D73A17A2010000A0567E /* QuartzCore.framework in Frameworks */,
				2B1C95FC179E282D006700FD /* AudioToolbox.framework in Frameworks */,
				2B45A57F178BE6D500662FDA /* opencv2.framework in Frameworks */,
				2B26094317865F3B00BE100A /* CoreVideo.framework in Frameworks */,
				2B26091D17865C0000BE100A /* CoreGraphics.framework in Frameworks */,
				2B26094117865F0100BE100A /* CoreMedia.framework in Frameworks */,
				2B26093F17865ED800BE100A /* AVFoundation.framework in Frameworks */,
				2B26091917865C0000BE100A /* UIKit.framework in Frameworks */,
				2B26091B17865C0000BE100A /* Foundation.framework in Frameworks */,
			);
			runOnlyForDeploymentPostprocessing = 0;
		};
/* End PBXFrameworksBuildPhase section */

/* Begin PBXGroup section */
		225566A417996B950015F7B9 /* Layouts */ = {
			isa = PBXGroup;
			children = (
				225566A517996B950015F7B9 /* converters.xml */,
				1347B50017A8CE26007F4098 /* converters.txt */,
			);
			name = Layouts;
			path = OpenCVDemos/Resources.xml/Layouts;
			sourceTree = SOURCE_ROOT;
		};
		22933DA51798D397001EB809 /* Classes */ = {
			isa = PBXGroup;
			children = (
				2B2609481786602800BE100A /* Utils.h */,
				2B2609491786602800BE100A /* Utils.mm */,
				2B37D73B17A21B0200A0567E /* AVFUtils.h */,
				2B37D73C17A21B0200A0567E /* AVFUtils.m */,
				2B76D7B217A89E2000810831 /* CustomUIActionSheet.h */,
				2B76D7B317A89E2000810831 /* CustomUIActionSheet.m */,
				2B76D7AF17A899E300810831 /* CustomUIImagePickerController.h */,
				2B76D7B017A899E300810831 /* CustomUIImagePickerController.m */,
				22933DA91798D735001EB809 /* Converters */,
				22933DB01798DA44001EB809 /* Converter.h */,
				22933DB11798DA44001EB809 /* Converter.mm */,
			);
			path = Classes;
			sourceTree = "<group>";
		};
		22933DA91798D735001EB809 /* Converters */ = {
			isa = PBXGroup;
			children = (
				2B37D73E17A267F000A0567E /* OrientationRight.h */,
				2B37D73F17A267F000A0567E /* OrientationRight.mm */,
				22933DB91798DC66001EB809 /* NegaPosi.h */,
				22933DBA1798DC66001EB809 /* NegaPosi.mm */,
				2BAE8299179CFB3100E466FE /* GrayScale.h */,
				2BAE829A179CFB3100E466FE /* GrayScale.mm */,
				2BAE8296179CCC9800E466FE /* Binary.h */,
				2BAE8297179CCC9900E466FE /* Binary.mm */,
				2BAE829C179D0A6D00E466FE /* Trunk.h */,
				2BAE829D179D0A6D00E466FE /* Trunk.mm */,
				2BAE829F179D0B7000E466FE /* ToZero.h */,
				2BAE82A0179D0B7100E466FE /* ToZero.mm */,
				2BAE82A2179D0BB100E466FE /* Adaptive.h */,
				2BAE82A3179D0BB100E466FE /* Adaptive.mm */,
				2BAE82A5179D0BD600E466FE /* Sobel.h */,
				2BAE82A6179D0BD600E466FE /* Sobel.mm */,
				2BAE82A8179D0BF200E466FE /* Laplacian.h */,
				2BAE82A9179D0BF200E466FE /* Laplacian.mm */,
				2BAE82AB179D0C0700E466FE /* Canny.h */,
				2BAE82AC179D0C0900E466FE /* Canny.mm */,
				2BAE82AE179D12BD00E466FE /* GaussianBlur.h */,
				2BAE82AF179D12BE00E466FE /* GaussianBlur.mm */,
				2BAE82B1179D12F400E466FE /* MedianBlur.h */,
				2BAE82B2179D12F500E466FE /* MedianBlur.mm */,
				2BAE82B4179D132B00E466FE /* BilateralFilter.h */,
				2BAE82B5179D132C00E466FE /* BilateralFilter.mm */,
				2BAE82B7179D134F00E466FE /* BoxFilter.h */,
				2BAE82B8179D135000E466FE /* BoxFilter.mm */,
				2BAE82BA179D137800E466FE /* Blur.h */,
				2BAE82BB179D137900E466FE /* Blur.mm */,
				2BAE82BD179D13A300E466FE /* K_means.h */,
				2BAE82BE179D13A400E466FE /* K_means.mm */,
				2B4A21F917A0F5CC001567EF /* CircleDetection.h */,
				2B4A21FA17A0F5CC001567EF /* CircleDetection.mm */,
				2BAE82C0179D146000E466FE /* EllipticalFitting.h */,
				2BAE82C1179D146100E466FE /* EllipticalFitting.mm */,
				2BAE82C3179D149F00E466FE /* Houghlines.h */,
				2BAE82C4179D14A000E466FE /* Houghlines.mm */,
				2BAE82C6179D14B700E466FE /* HoughlinesP.h */,
				2BAE82C7179D14B900E466FE /* HoughlinesP.mm */,
				2BAE82C9179D233C00E466FE /* ORB.h */,
				2BAE82CA179D233F00E466FE /* ORB.mm */,
				2255669E17994FE20015F7B9 /* FaceDetection.h */,
				2255669F17994FE20015F7B9 /* FaceDetection.mm */,
				2B1C95F8179E0ABD006700FD /* HumanDetection.h */,
				2B1C95F9179E0ABE006700FD /* HumanDetection.mm */,
				2B54A4A917A623AB009522F4 /* Picturization.h */,
				2B54A4AA17A623AC009522F4 /* Picturization.mm */,
			);
			path = Converters;
			sourceTree = "<group>";
		};
		22DD29461799466F002C6EF5 /* Resources */ = {
			isa = PBXGroup;
			children = (
				225566A417996B950015F7B9 /* Layouts */,
				22DD29471799468D002C6EF5 /* Cascades */,
			);
			name = Resources;
			path = Resources.xml;
			sourceTree = "<group>";
		};
		22DD29471799468D002C6EF5 /* Cascades */ = {
			isa = PBXGroup;
			children = (
				2255669A17994A040015F7B9 /* haarcascade_eye.xml */,
				2255669B17994A040015F7B9 /* haarcascade_frontalface_alt.xml */,
			);
			name = Cascades;
			path = OpenCVDemos/Resources.xml/Cascades;
			sourceTree = "<group>";
		};
		2B26090C17865C0000BE100A = {
			isa = PBXGroup;
			children = (
				2B26091E17865C0000BE100A /* OpenCVDemos */,
				2B26091717865C0000BE100A /* Frameworks */,
				2B26091617865C0000BE100A /* Products */,
			);
			sourceTree = "<group>";
		};
		2B26091617865C0000BE100A /* Products */ = {
			isa = PBXGroup;
			children = (
				2B26091517865C0000BE100A /* OpenCVDemos.app */,
			);
			name = Products;
			sourceTree = "<group>";
		};
		2B26091717865C0000BE100A /* Frameworks */ = {
			isa = PBXGroup;
			children = (
				2B1C95FB179E282C006700FD /* AudioToolbox.framework */,
				2B45A57E178BE6D500662FDA /* opencv2.framework */,
				2B26094217865F3B00BE100A /* CoreVideo.framework */,
				2B26094017865F0100BE100A /* CoreMedia.framework */,
				2B26093E17865ED800BE100A /* AVFoundation.framework */,
				2B26091817865C0000BE100A /* UIKit.framework */,
				2B26091A17865C0000BE100A /* Foundation.framework */,
				2B26091C17865C0000BE100A /* CoreGraphics.framework */,
				2B37D73917A2010000A0567E /* QuartzCore.framework */,
			);
			name = Frameworks;
			sourceTree = "<group>";
		};
		2B26091E17865C0000BE100A /* OpenCVDemos */ = {
			isa = PBXGroup;
			children = (
				22DD29461799466F002C6EF5 /* Resources */,
				22933DA51798D397001EB809 /* Classes */,
				2B26092717865C0000BE100A /* AppDelegate.h */,
				2B26092817865C0000BE100A /* AppDelegate.mm */,
				2B26093017865C0000BE100A /* MainStoryboard.storyboard */,
				2B26093317865C0000BE100A /* MasterViewController.h */,
				2B26093417865C0000BE100A /* MasterViewController.mm */,
				2B26093617865C0000BE100A /* DetailViewController.h */,
				2B26093717865C0000BE100A /* DetailViewController.mm */,
				2B26091F17865C0000BE100A /* Supporting Files */,
			);
			path = OpenCVDemos;
			sourceTree = "<group>";
		};
		2B26091F17865C0000BE100A /* Supporting Files */ = {
			isa = PBXGroup;
			children = (
				2BED74AD179FB32A00FAE147 /* Default-568h@2x.png */,
				2BED74AB179FB31F00FAE147 /* Default@2x.png */,
				2BED74A9179FB31100FAE147 /* Default.png */,
				2BED74A7179FB22200FAE147 /* icon114.png */,
				2BED74AF179FB92D00FAE147 /* icon57.png */,
				2B26092017865C0000BE100A /* OpenCVDemos-Info.plist */,
				2B26092117865C0000BE100A /* InfoPlist.strings */,
				2B26092417865C0000BE100A /* main.m */,
				2B26092617865C0000BE100A /* OpenCVDemos-Prefix.pch */,
				2B1C9601179E4CFC006700FD /* Localizable.strings */,
			);
			name = "Supporting Files";
			sourceTree = "<group>";
		};
/* End PBXGroup section */

/* Begin PBXNativeTarget section */
		2B26091417865C0000BE100A /* OpenCVDemos */ = {
			isa = PBXNativeTarget;
			buildConfigurationList = 2B26093B17865C0000BE100A /* Build configuration list for PBXNativeTarget "OpenCVDemos" */;
			buildPhases = (
				2B26091117865C0000BE100A /* Sources */,
				2B26091217865C0000BE100A /* Frameworks */,
				2B26091317865C0000BE100A /* Resources */,
			);
			buildRules = (
			);
			dependencies = (
			);
			name = OpenCVDemos;
			productName = OpenCVDemos;
			productReference = 2B26091517865C0000BE100A /* OpenCVDemos.app */;
			productType = "com.apple.product-type.application";
		};
/* End PBXNativeTarget section */

/* Begin PBXProject section */
		2B26090D17865C0000BE100A /* Project object */ = {
			isa = PBXProject;
			attributes = {
				LastUpgradeCheck = 0460;
				ORGANIZATIONNAME = Rz.inc;
			};
			buildConfigurationList = 2B26091017865C0000BE100A /* Build configuration list for PBXProject "OpenCVDemos" */;
			compatibilityVersion = "Xcode 3.2";
			developmentRegion = English;
			hasScannedForEncodings = 0;
			knownRegions = (
				en,
				ja,
				Base,
			);
			mainGroup = 2B26090C17865C0000BE100A;
			productRefGroup = 2B26091617865C0000BE100A /* Products */;
			projectDirPath = "";
			projectRoot = "";
			targets = (
				2B26091417865C0000BE100A /* OpenCVDemos */,
			);
		};
/* End PBXProject section */

/* Begin PBXResourcesBuildPhase section */
		2B26091317865C0000BE100A /* Resources */ = {
			isa = PBXResourcesBuildPhase;
			buildActionMask = 2147483647;
			files = (
				2B26092317865C0000BE100A /* InfoPlist.strings in Resources */,
				2B26093217865C0000BE100A /* MainStoryboard.storyboard in Resources */,
				2255669C17994A040015F7B9 /* haarcascade_eye.xml in Resources */,
				2255669D17994A040015F7B9 /* haarcascade_frontalface_alt.xml in Resources */,
				225566A617996B950015F7B9 /* converters.xml in Resources */,
				2B1C95FF179E4CFC006700FD /* Localizable.strings in Resources */,
				2BED74A8179FB22200FAE147 /* icon114.png in Resources */,
				2BED74AA179FB31100FAE147 /* Default.png in Resources */,
				2BED74AC179FB31F00FAE147 /* Default@2x.png in Resources */,
				2BED74AE179FB32A00FAE147 /* Default-568h@2x.png in Resources */,
				2BED74B0179FB92D00FAE147 /* icon57.png in Resources */,
				1347B50117A8CE26007F4098 /* converters.txt in Resources */,
			);
			runOnlyForDeploymentPostprocessing = 0;
		};
/* End PBXResourcesBuildPhase section */

/* Begin PBXSourcesBuildPhase section */
		2B26091117865C0000BE100A /* Sources */ = {
			isa = PBXSourcesBuildPhase;
			buildActionMask = 2147483647;
			files = (
				2B26092517865C0000BE100A /* main.m in Sources */,
				2B26092917865C0000BE100A /* AppDelegate.mm in Sources */,
				2B26093517865C0000BE100A /* MasterViewController.mm in Sources */,
				2B26093817865C0000BE100A /* DetailViewController.mm in Sources */,
				2B26094A1786602800BE100A /* Utils.mm in Sources */,
				22933DB21798DA44001EB809 /* Converter.mm in Sources */,
				22933DBB1798DC66001EB809 /* NegaPosi.mm in Sources */,
				225566A017994FE20015F7B9 /* FaceDetection.mm in Sources */,
				2BAE8298179CCC9900E466FE /* Binary.mm in Sources */,
				2BAE829B179CFB3100E466FE /* GrayScale.mm in Sources */,
				2BAE829E179D0A6D00E466FE /* Trunk.mm in Sources */,
				2BAE82A1179D0B7100E466FE /* ToZero.mm in Sources */,
				2BAE82A4179D0BB200E466FE /* Adaptive.mm in Sources */,
				2BAE82A7179D0BD600E466FE /* Sobel.mm in Sources */,
				2BAE82AA179D0BF200E466FE /* Laplacian.mm in Sources */,
				2BAE82AD179D0C0C00E466FE /* Canny.mm in Sources */,
				2BAE82B0179D12BF00E466FE /* GaussianBlur.mm in Sources */,
				2BAE82B3179D12F600E466FE /* MedianBlur.mm in Sources */,
				2BAE82B6179D132D00E466FE /* BilateralFilter.mm in Sources */,
				2BAE82B9179D135200E466FE /* BoxFilter.mm in Sources */,
				2BAE82BC179D137A00E466FE /* Blur.mm in Sources */,
				2BAE82BF179D13A600E466FE /* K_means.mm in Sources */,
				2BAE82C2179D146300E466FE /* EllipticalFitting.mm in Sources */,
				2BAE82C5179D14A200E466FE /* Houghlines.mm in Sources */,
				2BAE82C8179D14BA00E466FE /* HoughlinesP.mm in Sources */,
				2BAE82CB179D234200E466FE /* ORB.mm in Sources */,
				2B1C95FA179E0ABE006700FD /* HumanDetection.mm in Sources */,
				2B4A21FB17A0F5CC001567EF /* CircleDetection.mm in Sources */,
				2B37D73D17A21B0200A0567E /* AVFUtils.m in Sources */,
				2B37D74017A267F000A0567E /* OrientationRight.mm in Sources */,
				2B54A4AB17A623AD009522F4 /* Picturization.mm in Sources */,
				2B76D7B117A899E400810831 /* CustomUIImagePickerController.m in Sources */,
				2B76D7B417A89E2000810831 /* CustomUIActionSheet.m in Sources */,
			);
			runOnlyForDeploymentPostprocessing = 0;
		};
/* End PBXSourcesBuildPhase section */

/* Begin PBXVariantGroup section */
		2B1C9601179E4CFC006700FD /* Localizable.strings */ = {
			isa = PBXVariantGroup;
			children = (
				2B1C9600179E4CFC006700FD /* en */,
				2B1C9604179E4F09006700FD /* ja */,
			);
			name = Localizable.strings;
			sourceTree = "<group>";
		};
		2B26092117865C0000BE100A /* InfoPlist.strings */ = {
			isa = PBXVariantGroup;
			children = (
				2B26092217865C0000BE100A /* en */,
				2B1C9603179E4F09006700FD /* ja */,
			);
			name = InfoPlist.strings;
			sourceTree = "<group>";
		};
		2B26093017865C0000BE100A /* MainStoryboard.storyboard */ = {
			isa = PBXVariantGroup;
			children = (
				2B37D74117A281A100A0567E /* Base */,
				13A14F5717A7C1D1000736BD /* en */,
				13A14F5817A7C1E1000736BD /* ja */,
			);
			name = MainStoryboard.storyboard;
			sourceTree = "<group>";
		};
/* End PBXVariantGroup section */

/* Begin XCBuildConfiguration section */
		2B26093917865C0000BE100A /* Debug */ = {
			isa = XCBuildConfiguration;
			buildSettings = {
				ALWAYS_SEARCH_USER_PATHS = NO;
				CLANG_CXX_LANGUAGE_STANDARD = "gnu++0x";
				CLANG_CXX_LIBRARY = "libc++";
				CLANG_ENABLE_OBJC_ARC = YES;
				CLANG_WARN_CONSTANT_CONVERSION = YES;
				CLANG_WARN_EMPTY_BODY = YES;
				CLANG_WARN_ENUM_CONVERSION = YES;
				CLANG_WARN_INT_CONVERSION = YES;
				CLANG_WARN__DUPLICATE_METHOD_MATCH = YES;
				"CODE_SIGN_IDENTITY[sdk=iphoneos*]" = "iPhone Developer";
				COPY_PHASE_STRIP = NO;
				GCC_C_LANGUAGE_STANDARD = gnu99;
				GCC_DYNAMIC_NO_PIC = NO;
				GCC_OPTIMIZATION_LEVEL = 0;
				GCC_PREPROCESSOR_DEFINITIONS = (
					"DEBUG=1",
					"$(inherited)",
				);
				GCC_SYMBOLS_PRIVATE_EXTERN = NO;
				GCC_WARN_ABOUT_RETURN_TYPE = YES;
				GCC_WARN_UNINITIALIZED_AUTOS = YES;
				GCC_WARN_UNUSED_VARIABLE = YES;
				IPHONEOS_DEPLOYMENT_TARGET = 6.1;
				ONLY_ACTIVE_ARCH = YES;
				SDKROOT = iphoneos;
			};
			name = Debug;
		};
		2B26093A17865C0000BE100A /* Release */ = {
			isa = XCBuildConfiguration;
			buildSettings = {
				ALWAYS_SEARCH_USER_PATHS = NO;
				CLANG_CXX_LANGUAGE_STANDARD = "gnu++0x";
				CLANG_CXX_LIBRARY = "libc++";
				CLANG_ENABLE_OBJC_ARC = YES;
				CLANG_WARN_CONSTANT_CONVERSION = YES;
				CLANG_WARN_EMPTY_BODY = YES;
				CLANG_WARN_ENUM_CONVERSION = YES;
				CLANG_WARN_INT_CONVERSION = YES;
				CLANG_WARN__DUPLICATE_METHOD_MATCH = YES;
				CODE_SIGN_IDENTITY = "iPhone Distribution";
				"CODE_SIGN_IDENTITY[sdk=iphoneos*]" = "iPhone Distribution";
				COPY_PHASE_STRIP = YES;
				GCC_C_LANGUAGE_STANDARD = gnu99;
				GCC_WARN_ABOUT_RETURN_TYPE = YES;
				GCC_WARN_UNINITIALIZED_AUTOS = YES;
				GCC_WARN_UNUSED_VARIABLE = YES;
				IPHONEOS_DEPLOYMENT_TARGET = 6.1;
				OTHER_CFLAGS = "-DNS_BLOCK_ASSERTIONS=1";
				PROVISIONING_PROFILE = "";
				"PROVISIONING_PROFILE[sdk=iphoneos*]" = "";
				SDKROOT = iphoneos;
				VALIDATE_PRODUCT = YES;
			};
			name = Release;
		};
		2B26093C17865C0000BE100A /* Debug */ = {
			isa = XCBuildConfiguration;
			buildSettings = {
				FRAMEWORK_SEARCH_PATHS = (
					"$(inherited)",
					"\"$(SRCROOT)\"",
				);
				GCC_PRECOMPILE_PREFIX_HEADER = YES;
				GCC_PREFIX_HEADER = "OpenCVDemos/OpenCVDemos-Prefix.pch";
				INFOPLIST_FILE = "OpenCVDemos/OpenCVDemos-Info.plist";
				PRODUCT_NAME = OpenCVDemos;
				WRAPPER_EXTENSION = app;
			};
			name = Debug;
		};
		2B26093D17865C0000BE100A /* Release */ = {
			isa = XCBuildConfiguration;
			buildSettings = {
				FRAMEWORK_SEARCH_PATHS = (
					"$(inherited)",
					"\"$(SRCROOT)\"",
				);
				GCC_PRECOMPILE_PREFIX_HEADER = YES;
				GCC_PREFIX_HEADER = "OpenCVDemos/OpenCVDemos-Prefix.pch";
				INFOPLIST_FILE = "OpenCVDemos/OpenCVDemos-Info.plist";
				PRODUCT_NAME = OpenCVDemos;
				WRAPPER_EXTENSION = app;
			};
			name = Release;
		};
/* End XCBuildConfiguration section */

/* Begin XCConfigurationList section */
		2B26091017865C0000BE100A /* Build configuration list for PBXProject "OpenCVDemos" */ = {
			isa = XCConfigurationList;
			buildConfigurations = (
				2B26093917865C0000BE100A /* Debug */,
				2B26093A17865C0000BE100A /* Release */,
			);
			defaultConfigurationIsVisible = 0;
			defaultConfigurationName = Release;
		};
		2B26093B17865C0000BE100A /* Build configuration list for PBXNativeTarget "OpenCVDemos" */ = {
			isa = XCConfigurationList;
			buildConfigurations = (
				2B26093C17865C0000BE100A /* Debug */,
				2B26093D17865C0000BE100A /* Release */,
			);
			defaultConfigurationIsVisible = 0;
			defaultConfigurationName = Release;
		};
/* End XCConfigurationList section */
	};
	rootObject = 2B26090D17865C0000BE100A /* Project object */;
}
